
Microsoft Visual Studio Solution File, Format Version 12.00
# Visual Studio Version 17
VisualStudioVersion = 17.0.31903.59
MinimumVisualStudioVersion = 10.0.40219.1
Project("{FAE04EC0-301F-11D3-BF4B-00C04F79EFBC}") = "ContainerInfo", "ContainerInfo\ContainerInfo.csproj", "{06BA6647-D473-46DB-B054-F849B40BC742}"
EndProject
Global
	GlobalSection(SolutionConfigurationPlatforms) = preSolution
		Debug|Any CPU = Debug|Any CPU
		Release|Any CPU = Release|Any CPU
	EndGlobalSection
	GlobalSection(ProjectConfigurationPlatforms) = postSolution
		{06BA6647-D473-46DB-B054-F849B40BC742}.Debug|Any CPU.ActiveCfg = Debug|Any CPU
		{06BA6647-D473-46DB-B054-F849B40BC742}.Debug|Any CPU.Build.0 = Debug|Any CPU
		{06BA6647-D473-46DB-B054-F849B40BC742}.Release|Any CPU.ActiveCfg = Release|Any CPU
		{06BA6647-D473-46DB-B054-F849B40BC742}.Release|Any CPU.Build.0 = Release|Any CPU
	EndGlobalSection
	GlobalSection(SolutionProperties) = preSolution
		HideSolutionNode = FALSE
	EndGlobalSection
	GlobalSection(ExtensibilityGlobals) = postSolution
		SolutionGuid = {DE2EB40B-A933-44A9-94DA-8703A25652C3}
	EndGlobalSection
EndGlobal
